
Microsoft Visual Studio Solution File, Format Version 12.00
# Visual Studio Version 17
VisualStudioVersion = 17.13.35828.75 d17.13
MinimumVisualStudioVersion = 10.0.40219.1
Project("{FAE04EC0-301F-11D3-BF4B-00C04F79EFBC}") = "GeoSys-backend", "GeoSys-backend\GeoSys-backend.csproj", "{565C867F-519A-4E3B-A941-808D22DA6CEC}"
EndProject
Global
	GlobalSection(SolutionConfigurationPlatforms) = preSolution
		Debug|Any CPU = Debug|Any CPU
		Release|Any CPU = Release|Any CPU
	EndGlobalSection
	GlobalSection(ProjectConfigurationPlatforms) = postSolution
		{565C867F-519A-4E3B-A941-808D22DA6CEC}.Debug|Any CPU.ActiveCfg = Debug|Any CPU
		{565C867F-519A-4E3B-A941-808D22DA6CEC}.Debug|Any CPU.Build.0 = Debug|Any CPU
		{565C867F-519A-4E3B-A941-808D22DA6CEC}.Release|Any CPU.ActiveCfg = Release|Any CPU
		{565C867F-519A-4E3B-A941-808D22DA6CEC}.Release|Any CPU.Build.0 = Release|Any CPU
	EndGlobalSection
	GlobalSection(SolutionProperties) = preSolution
		HideSolutionNode = FALSE
	EndGlobalSection
	GlobalSection(ExtensibilityGlobals) = postSolution
		SolutionGuid = {EB0ADBCF-2FDB-48F7-BDF8-9541C4319B46}
	EndGlobalSection
EndGlobal
